
Microsoft Visual Studio Solution File, Format Version 12.00
# Visual Studio Version 16
VisualStudioVersion = 16.0.30711.63
MinimumVisualStudioVersion = 10.0.40219.1
Project("{9A19103F-16F7-4668-BE54-9A1E7A4F7556}") = "NWaves", "NWaves\NWaves.csproj", "{3FBF1B3A-3BED-4F2F-8008-871ACF83E352}"
EndProject
Project("{FAE04EC0-301F-11D3-BF4B-00C04F79EFBC}") = "NWaves.Tests", "NWaves.Tests\NWaves.Tests.csproj", "{8EDF4429-251A-416D-BB68-93F227191BCF}"
EndProject
Project("{9A19103F-16F7-4668-BE54-9A1E7A4F7556}") = "NWaves.Benchmarks", "NWaves.Benchmarks\NWaves.Benchmarks.csproj", "{C2A347D7-91A7-4D10-87E4-CD1A8A3DD60E}"
EndProject
Global
	GlobalSection(SolutionConfigurationPlatforms) = preSolution
		Debug|Any CPU = Debug|Any CPU
		Debug|ARM = Debug|ARM
		Debug|x64 = Debug|x64
		Debug|x86 = Debug|x86
		Release|Any CPU = Release|Any CPU
		Release|ARM = Release|ARM
		Release|x64 = Release|x64
		Release|x86 = Release|x86
	EndGlobalSection
	GlobalSection(ProjectConfigurationPlatforms) = postSolution
		{3FBF1B3A-3BED-4F2F-8008-871ACF83E352}.Debug|Any CPU.ActiveCfg = Debug|Any CPU
		{3FBF1B3A-3BED-4F2F-8008-871ACF83E352}.Debug|Any CPU.Build.0 = Debug|Any CPU
		{3FBF1B3A-3BED-4F2F-8008-871ACF83E352}.Debug|ARM.ActiveCfg = Debug|Any CPU
		{3FBF1B3A-3BED-4F2F-8008-871ACF83E352}.Debug|ARM.Build.0 = Debug|Any CPU
		{3FBF1B3A-3BED-4F2F-8008-871ACF83E352}.Debug|x64.ActiveCfg = Debug|Any CPU
		{3FBF1B3A-3BED-4F2F-8008-871ACF83E352}.Debug|x64.Build.0 = Debug|Any CPU
		{3FBF1B3A-3BED-4F2F-8008-871ACF83E352}.Debug|x86.ActiveCfg = Debug|Any CPU
		{3FBF1B3A-3BED-4F2F-8008-871ACF83E352}.Debug|x86.Build.0 = Debug|Any CPU
		{3FBF1B3A-3BED-4F2F-8008-871ACF83E352}.Release|Any CPU.ActiveCfg = Release|Any CPU
		{3FBF1B3A-3BED-4F2F-8008-871ACF83E352}.Release|Any CPU.Build.0 = Release|Any CPU
		{3FBF1B3A-3BED-4F2F-8008-871ACF83E352}.Release|ARM.ActiveCfg = Release|Any CPU
		{3FBF1B3A-3BED-4F2F-8008-871ACF83E352}.Release|ARM.Build.0 = Release|Any CPU
		{3FBF1B3A-3BED-4F2F-8008-871ACF83E352}.Release|x64.ActiveCfg = Release|Any CPU
		{3FBF1B3A-3BED-4F2F-8008-871ACF83E352}.Release|x64.Build.0 = Release|Any CPU
		{3FBF1B3A-3BED-4F2F-8008-871ACF83E352}.Release|x86.ActiveCfg = Release|Any CPU
		{3FBF1B3A-3BED-4F2F-8008-871ACF83E352}.Release|x86.Build.0 = Release|Any CPU
		{8EDF4429-251A-416D-BB68-93F227191BCF}.Debug|Any CPU.ActiveCfg = Debug|Any CPU
		{8EDF4429-251A-416D-BB68-93F227191BCF}.Debug|Any CPU.Build.0 = Debug|Any CPU
		{8EDF4429-251A-416D-BB68-93F227191BCF}.Debug|ARM.ActiveCfg = Debug|Any CPU
		{8EDF4429-251A-416D-BB68-93F227191BCF}.Debug|ARM.Build.0 = Debug|Any CPU
		{8EDF4429-251A-416D-BB68-93F227191BCF}.Debug|x64.ActiveCfg = Debug|Any CPU
		{8EDF4429-251A-416D-BB68-93F227191BCF}.Debug|x64.Build.0 = Debug|Any CPU
		{8EDF4429-251A-416D-BB68-93F227191BCF}.Debug|x86.ActiveCfg = Debug|Any CPU
		{8EDF4429-251A-416D-BB68-93F227191BCF}.Debug|x86.Build.0 = Debug|Any CPU
		{8EDF4429-251A-416D-BB68-93F227191BCF}.Release|Any CPU.ActiveCfg = Release|Any CPU
		{8EDF4429-251A-416D-BB68-93F227191BCF}.Release|Any CPU.Build.0 = Release|Any CPU
		{8EDF4429-251A-416D-BB68-93F227191BCF}.Release|ARM.ActiveCfg = Release|Any CPU
		{8EDF4429-251A-416D-BB68-93F227191BCF}.Release|ARM.Build.0 = Release|Any CPU
		{8EDF4429-251A-416D-BB68-93F227191BCF}.Release|x64.ActiveCfg = Release|Any CPU
		{8EDF4429-251A-416D-BB68-93F227191BCF}.Release|x64.Build.0 = Release|Any CPU
		{8EDF4429-251A-416D-BB68-93F227191BCF}.Release|x86.ActiveCfg = Release|Any CPU
		{8EDF4429-251A-416D-BB68-93F227191BCF}.Release|x86.Build.0 = Release|Any CPU
		{C2A347D7-91A7-4D10-87E4-CD1A8A3DD60E}.Debug|Any CPU.ActiveCfg = Debug|Any CPU
		{C2A347D7-91A7-4D10-87E4-CD1A8A3DD60E}.Debug|Any CPU.Build.0 = Debug|Any CPU
		{C2A347D7-91A7-4D10-87E4-CD1A8A3DD60E}.Debug|ARM.ActiveCfg = Debug|Any CPU
		{C2A347D7-91A7-4D10-87E4-CD1A8A3DD60E}.Debug|ARM.Build.0 = Debug|Any CPU
		{C2A347D7-91A7-4D10-87E4-CD1A8A3DD60E}.Debug|x64.ActiveCfg = Debug|Any CPU
		{C2A347D7-91A7-4D10-87E4-CD1A8A3DD60E}.Debug|x64.Build.0 = Debug|Any CPU
		{C2A347D7-91A7-4D10-87E4-CD1A8A3DD60E}.Debug|x86.ActiveCfg = Debug|Any CPU
		{C2A347D7-91A7-4D10-87E4-CD1A8A3DD60E}.Debug|x86.Build.0 = Debug|Any CPU
		{C2A347D7-91A7-4D10-87E4-CD1A8A3DD60E}.Release|Any CPU.ActiveCfg = Release|Any CPU
		{C2A347D7-91A7-4D10-87E4-CD1A8A3DD60E}.Release|Any CPU.Build.0 = Release|Any CPU
		{C2A347D7-91A7-4D10-87E4-CD1A8A3DD60E}.Release|ARM.ActiveCfg = Release|Any CPU
		{C2A347D7-91A7-4D10-87E4-CD1A8A3DD60E}.Release|ARM.Build.0 = Release|Any CPU
		{C2A347D7-91A7-4D10-87E4-CD1A8A3DD60E}.Release|x64.ActiveCfg = Release|Any CPU
		{C2A347D7-91A7-4D10-87E4-CD1A8A3DD60E}.Release|x64.Build.0 = Release|Any CPU
		{C2A347D7-91A7-4D10-87E4-CD1A8A3DD60E}.Release|x86.ActiveCfg = Release|Any CPU
		{C2A347D7-91A7-4D10-87E4-CD1A8A3DD60E}.Release|x86.Build.0 = Release|Any CPU
	EndGlobalSection
	GlobalSection(SolutionProperties) = preSolution
		HideSolutionNode = FALSE
	EndGlobalSection
	GlobalSection(ExtensibilityGlobals) = postSolution
		SolutionGuid = {F7DF95AC-281E-43BD-884D-6CEE2B8EF8CA}
	EndGlobalSection
EndGlobal
